
Microsoft Visual Studio Solution File, Format Version 12.00
# Visual Studio 15
VisualStudioVersion = 15.0.26730.8
MinimumVisualStudioVersion = 10.0.40219.1
Project("{9A19103F-16F7-4668-BE54-9A1E7A4F7556}") = "DateChanger", "DateChanger\DateChanger.csproj", "{C8951AB6-73D4-45DB-816C-9C0422F88995}"
EndProject
Project("{FAE04EC0-301F-11D3-BF4B-00C04F79EFBC}") = "FileDateTimeModifier.Domain", "FileDateTimeModifier.Domain\FileDateTimeModifier.Domain.csproj", "{C55E8558-DB4E-4278-B1D1-4DC90B8DD339}"
EndProject
Global
	GlobalSection(SolutionConfigurationPlatforms) = preSolution
		Debug|Any CPU = Debug|Any CPU
		Release|Any CPU = Release|Any CPU
	EndGlobalSection
	GlobalSection(ProjectConfigurationPlatforms) = postSolution
		{C8951AB6-73D4-45DB-816C-9C0422F88995}.Debug|Any CPU.ActiveCfg = Debug|Any CPU
		{C8951AB6-73D4-45DB-816C-9C0422F88995}.Debug|Any CPU.Build.0 = Debug|Any CPU
		{C8951AB6-73D4-45DB-816C-9C0422F88995}.Release|Any CPU.ActiveCfg = Release|Any CPU
		{C8951AB6-73D4-45DB-816C-9C0422F88995}.Release|Any CPU.Build.0 = Release|Any CPU
		{C55E8558-DB4E-4278-B1D1-4DC90B8DD339}.Debug|Any CPU.ActiveCfg = Debug|Any CPU
		{C55E8558-DB4E-4278-B1D1-4DC90B8DD339}.Debug|Any CPU.Build.0 = Debug|Any CPU
		{C55E8558-DB4E-4278-B1D1-4DC90B8DD339}.Release|Any CPU.ActiveCfg = Release|Any CPU
		{C55E8558-DB4E-4278-B1D1-4DC90B8DD339}.Release|Any CPU.Build.0 = Release|Any CPU
	EndGlobalSection
	GlobalSection(SolutionProperties) = preSolution
		HideSolutionNode = FALSE
	EndGlobalSection
	GlobalSection(ExtensibilityGlobals) = postSolution
		SolutionGuid = {CDB8BD79-8737-47C5-9437-0749EDADD0CF}
	EndGlobalSection
EndGlobal
